
Microsoft Visual Studio Solution File, Format Version 12.00
# Visual Studio Version 16
VisualStudioVersion = 16.0.31605.320
MinimumVisualStudioVersion = 10.0.40219.1
Project("{9A19103F-16F7-4668-BE54-9A1E7A4F7556}") = "Demo.DataExtensions.Sql", "Demo.DataExtensions.Sql.csproj", "{A2BDEF66-D83D-4174-9071-ACA819D772B2}"
EndProject
Global
	GlobalSection(SolutionConfigurationPlatforms) = preSolution
		Debug|Any CPU = Debug|Any CPU
		Release|Any CPU = Release|Any CPU
	EndGlobalSection
	GlobalSection(ProjectConfigurationPlatforms) = postSolution
		{A2BDEF66-D83D-4174-9071-ACA819D772B2}.Debug|Any CPU.ActiveCfg = Debug|Any CPU
		{A2BDEF66-D83D-4174-9071-ACA819D772B2}.Debug|Any CPU.Build.0 = Debug|Any CPU
		{A2BDEF66-D83D-4174-9071-ACA819D772B2}.Release|Any CPU.ActiveCfg = Release|Any CPU
		{A2BDEF66-D83D-4174-9071-ACA819D772B2}.Release|Any CPU.Build.0 = Release|Any CPU
	EndGlobalSection
	GlobalSection(SolutionProperties) = preSolution
		HideSolutionNode = FALSE
	EndGlobalSection
	GlobalSection(ExtensibilityGlobals) = postSolution
		SolutionGuid = {8920CA69-2B7B-4151-8966-6242A82ECC44}
	EndGlobalSection
EndGlobal
